
Microsoft Visual Studio Solution File, Format Version 12.00
# Visual Studio Version 16
VisualStudioVersion = 16.0.30204.135
MinimumVisualStudioVersion = 10.0.40219.1
Project("{FAE04EC0-301F-11D3-BF4B-00C04F79EFBC}") = "StringCalculatorStarter", "StringCalculatorStarter\StringCalculatorStarter.csproj", "{7FBECFB6-F4AE-4D8C-8B42-1B1D692A94FF}"
EndProject
Global
	GlobalSection(SolutionConfigurationPlatforms) = preSolution
		Debug|Any CPU = Debug|Any CPU
		Release|Any CPU = Release|Any CPU
	EndGlobalSection
	GlobalSection(ProjectConfigurationPlatforms) = postSolution
		{7FBECFB6-F4AE-4D8C-8B42-1B1D692A94FF}.Debug|Any CPU.ActiveCfg = Debug|Any CPU
		{7FBECFB6-F4AE-4D8C-8B42-1B1D692A94FF}.Debug|Any CPU.Build.0 = Debug|Any CPU
		{7FBECFB6-F4AE-4D8C-8B42-1B1D692A94FF}.Release|Any CPU.ActiveCfg = Release|Any CPU
		{7FBECFB6-F4AE-4D8C-8B42-1B1D692A94FF}.Release|Any CPU.Build.0 = Release|Any CPU
	EndGlobalSection
	GlobalSection(SolutionProperties) = preSolution
		HideSolutionNode = FALSE
	EndGlobalSection
	GlobalSection(ExtensibilityGlobals) = postSolution
		SolutionGuid = {C6B79A14-7945-4165-8B01-FD0BB9A154AA}
	EndGlobalSection
EndGlobal
